
Microsoft Visual Studio Solution File, Format Version 12.00
Project("{FAE04EC0-301F-11D3-BF4B-00C04F79EFBC}") = "ContactManagerApp", "ContactManagerApp\ContactManagerApp.csproj", "{68DEA2B7-2EDC-49B8-A678-416E08CA0A99}"
EndProject
Project("{FAE04EC0-301F-11D3-BF4B-00C04F79EFBC}") = "ContactManagerApp_Tests", "ContactManagerApp_Tests\ContactManagerApp_Tests.csproj", "{ED09CAA9-0192-4F96-B3D3-EA97CCB4C419}"
EndProject
Global
	GlobalSection(SolutionConfigurationPlatforms) = preSolution
		Debug|Any CPU = Debug|Any CPU
		Release|Any CPU = Release|Any CPU
	EndGlobalSection
	GlobalSection(ProjectConfigurationPlatforms) = postSolution
		{68DEA2B7-2EDC-49B8-A678-416E08CA0A99}.Debug|Any CPU.ActiveCfg = Debug|Any CPU
		{68DEA2B7-2EDC-49B8-A678-416E08CA0A99}.Debug|Any CPU.Build.0 = Debug|Any CPU
		{68DEA2B7-2EDC-49B8-A678-416E08CA0A99}.Release|Any CPU.ActiveCfg = Release|Any CPU
		{68DEA2B7-2EDC-49B8-A678-416E08CA0A99}.Release|Any CPU.Build.0 = Release|Any CPU
		{ED09CAA9-0192-4F96-B3D3-EA97CCB4C419}.Debug|Any CPU.ActiveCfg = Debug|Any CPU
		{ED09CAA9-0192-4F96-B3D3-EA97CCB4C419}.Debug|Any CPU.Build.0 = Debug|Any CPU
		{ED09CAA9-0192-4F96-B3D3-EA97CCB4C419}.Release|Any CPU.ActiveCfg = Release|Any CPU
		{ED09CAA9-0192-4F96-B3D3-EA97CCB4C419}.Release|Any CPU.Build.0 = Release|Any CPU
	EndGlobalSection
EndGlobal
